{
  "name": "kye-game",
  "version": "0.1.0",
  "lockfileVersion": 1,
  "requires": true,
  "dependencies": {
    "select-parent": {
      "version": "1.0.1",
      "resolved": "https://registry.npmjs.org/select-parent/-/select-parent-1.0.1.tgz",
      "integrity": "sha1-19ZivRBAMvCRQAVjo8ZtJMdYz/Y="
    }
  }
}
